// !$*UTF8*$!
{
	archiveVersion = 1;
	classes = {
	};
	objectVersion = 56;
	objects = {

/* Begin PBXBuildFile section */
		82507E8B290EEF0900837CD3 /* loginViewController.swift in Sources */ = {isa = PBXBuildFile; fileRef = 82507E8A290EEF0900837CD3 /* loginViewController.swift */; };
		82507E8D290EF19D00837CD3 /* GoogleService-Info.plist in Resources */ = {isa = PBXBuildFile; fileRef = 82507E8C290EF19D00837CD3 /* GoogleService-Info.plist */; };
		82507E90290EF1F800837CD3 /* FirebaseAuth in Frameworks */ = {isa = PBXBuildFile; productRef = 82507E8F290EF1F800837CD3 /* FirebaseAuth */; };
		8292DC63293477C600367929 /* groceryListViewController.swift in Sources */ = {isa = PBXBuildFile; fileRef = 8292DC62293477C600367929 /* groceryListViewController.swift */; };
		8292DC652934832100367929 /* learnMoreViewController.swift in Sources */ = {isa = PBXBuildFile; fileRef = 8292DC642934832100367929 /* learnMoreViewController.swift */; };
		8292DC672934F91400367929 /* recipeGLViewController.swift in Sources */ = {isa = PBXBuildFile; fileRef = 8292DC662934F91400367929 /* recipeGLViewController.swift */; };
		A53E64C1292C4DD300CEFC0A /* RecipeTableViewCell.swift in Sources */ = {isa = PBXBuildFile; fileRef = A53E64C0292C4DD300CEFC0A /* RecipeTableViewCell.swift */; };
		A556FD4D291EA6BE008C0C43 /* FirebaseFirestore in Frameworks */ = {isa = PBXBuildFile; productRef = A556FD4C291EA6BE008C0C43 /* FirebaseFirestore */; };
		A56635D22932D7B300E986A7 /* filterPopUpViewController.swift in Sources */ = {isa = PBXBuildFile; fileRef = A56635D12932D7B300E986A7 /* filterPopUpViewController.swift */; };
		A56635D6293335FA00E986A7 /* restaurantViewController.swift in Sources */ = {isa = PBXBuildFile; fileRef = A56635D5293335FA00E986A7 /* restaurantViewController.swift */; };
		A584769928FC665A007AC1E7 /* AppDelegate.swift in Sources */ = {isa = PBXBuildFile; fileRef = A584769828FC665A007AC1E7 /* AppDelegate.swift */; };
		A584769B28FC665A007AC1E7 /* SceneDelegate.swift in Sources */ = {isa = PBXBuildFile; fileRef = A584769A28FC665A007AC1E7 /* SceneDelegate.swift */; };
		A584769D28FC665A007AC1E7 /* ViewController.swift in Sources */ = {isa = PBXBuildFile; fileRef = A584769C28FC665A007AC1E7 /* ViewController.swift */; };
		A58476A028FC665A007AC1E7 /* Main.storyboard in Resources */ = {isa = PBXBuildFile; fileRef = A584769E28FC665A007AC1E7 /* Main.storyboard */; };
		A58476A328FC665A007AC1E7 /* CS329E_mainProject.xcdatamodeld in Sources */ = {isa = PBXBuildFile; fileRef = A58476A128FC665A007AC1E7 /* CS329E_mainProject.xcdatamodeld */; };
		A58476A528FC665A007AC1E7 /* Assets.xcassets in Resources */ = {isa = PBXBuildFile; fileRef = A58476A428FC665A007AC1E7 /* Assets.xcassets */; };
		A58476A828FC665A007AC1E7 /* LaunchScreen.storyboard in Resources */ = {isa = PBXBuildFile; fileRef = A58476A628FC665A007AC1E7 /* LaunchScreen.storyboard */; };
		A58476B028FC672A007AC1E7 /* CookbookViewController.swift in Sources */ = {isa = PBXBuildFile; fileRef = A58476AF28FC672A007AC1E7 /* CookbookViewController.swift */; };
		A59CFB3E2900DAF600FB3B05 /* customRecipeViewController.swift in Sources */ = {isa = PBXBuildFile; fileRef = A59CFB3D2900DAF600FB3B05 /* customRecipeViewController.swift */; };
		A59CFB402900DD9900FB3B05 /* allCookbookRecipesViewController.swift in Sources */ = {isa = PBXBuildFile; fileRef = A59CFB3F2900DD9900FB3B05 /* allCookbookRecipesViewController.swift */; };
		A59CFB422900DDBD00FB3B05 /* randomizeViewController.swift in Sources */ = {isa = PBXBuildFile; fileRef = A59CFB412900DDBD00FB3B05 /* randomizeViewController.swift */; };
		A5DEE7EA2915829D00ECB92E /* Recipes.swift in Sources */ = {isa = PBXBuildFile; fileRef = A5DEE7E92915829D00ECB92E /* Recipes.swift */; };
		AE1FA09D2927AB6E00C184A9 /* ColorSchemeViewController.swift in Sources */ = {isa = PBXBuildFile; fileRef = AE1FA09C2927AB6E00C184A9 /* ColorSchemeViewController.swift */; };
		AE27DCF7290EF2CB000B369B /* FontPickerViewController.swift in Sources */ = {isa = PBXBuildFile; fileRef = AE27DCF6290EF2CB000B369B /* FontPickerViewController.swift */; };
		AE30C90A290342DC004586FC /* CustomizationViewController.swift in Sources */ = {isa = PBXBuildFile; fileRef = AE30C909290342DC004586FC /* CustomizationViewController.swift */; };
		AE3794F428FF5B1A0075EBF6 /* PersonalInformationViewController.swift in Sources */ = {isa = PBXBuildFile; fileRef = AE3794F328FF5B1A0075EBF6 /* PersonalInformationViewController.swift */; };
		AE3794F628FF5B380075EBF6 /* DietViewController.swift in Sources */ = {isa = PBXBuildFile; fileRef = AE3794F528FF5B380075EBF6 /* DietViewController.swift */; };
		AE3794F828FF5B820075EBF6 /* UserSettingsViewController.swift in Sources */ = {isa = PBXBuildFile; fileRef = AE3794F728FF5B820075EBF6 /* UserSettingsViewController.swift */; };
		AE5679C6291AD8A400E72A21 /* CustomDefaults.swift in Sources */ = {isa = PBXBuildFile; fileRef = AE5679C5291AD8A400E72A21 /* CustomDefaults.swift */; };
		AEC77EEA2930E8D200687941 /* GreetingAnimationViewController.swift in Sources */ = {isa = PBXBuildFile; fileRef = AEC77EE92930E8D200687941 /* GreetingAnimationViewController.swift */; };
		AEC77EEC2930E90400687941 /* PickProfilePictureViewController.swift in Sources */ = {isa = PBXBuildFile; fileRef = AEC77EEB2930E90400687941 /* PickProfilePictureViewController.swift */; };
		AEC77EEE2930E92E00687941 /* InitialDietViewController.swift in Sources */ = {isa = PBXBuildFile; fileRef = AEC77EED2930E92E00687941 /* InitialDietViewController.swift */; };
		AEF443032925676D004B9B66 /* WelcomeViewController.swift in Sources */ = {isa = PBXBuildFile; fileRef = AEF443022925676D004B9B66 /* WelcomeViewController.swift */; };
		F436D588291C315A0088BA02 /* RecipeCreateViewController.swift in Sources */ = {isa = PBXBuildFile; fileRef = F436D587291C315A0088BA02 /* RecipeCreateViewController.swift */; };
		F496B48229322FC000794DD2 /* HomeTableViewCell.swift in Sources */ = {isa = PBXBuildFile; fileRef = F496B48129322FC000794DD2 /* HomeTableViewCell.swift */; };
		F496B4842932377300794DD2 /* RecipeDisplayVC.swift in Sources */ = {isa = PBXBuildFile; fileRef = F496B4832932377300794DD2 /* RecipeDisplayVC.swift */; };
		F496B48A2933254300794DD2 /* ScrollRecipeViewController.swift in Sources */ = {isa = PBXBuildFile; fileRef = F496B4892933254300794DD2 /* ScrollRecipeViewController.swift */; };
		F4BC4B4629125341003A32E4 /* RecipeClass .swift in Sources */ = {isa = PBXBuildFile; fileRef = F4BC4B4529125341003A32E4 /* RecipeClass .swift */; };
		F4F92618291B9161009E13B7 /* HomeVC.swift in Sources */ = {isa = PBXBuildFile; fileRef = F4F92617291B9161009E13B7 /* HomeVC.swift */; };
		F4F9261A291B918E009E13B7 /* RecipeCreationVC.swift in Sources */ = {isa = PBXBuildFile; fileRef = F4F92619291B918E009E13B7 /* RecipeCreationVC.swift */; };
		F4F9261E291B9793009E13B7 /* MeasurementVC.swift in Sources */ = {isa = PBXBuildFile; fileRef = F4F9261D291B9793009E13B7 /* MeasurementVC.swift */; };
		F4F92620291C2D51009E13B7 /* RecipeCreationVC2.swift in Sources */ = {isa = PBXBuildFile; fileRef = F4F9261F291C2D51009E13B7 /* RecipeCreationVC2.swift */; };
/* End PBXBuildFile section */

/* Begin PBXFileReference section */
		82507E8A290EEF0900837CD3 /* loginViewController.swift */ = {isa = PBXFileReference; lastKnownFileType = sourcecode.swift; path = loginViewController.swift; sourceTree = "<group>"; };
		82507E8C290EF19D00837CD3 /* GoogleService-Info.plist */ = {isa = PBXFileReference; fileEncoding = 4; lastKnownFileType = text.plist.xml; path = "GoogleService-Info.plist"; sourceTree = "<group>"; };
		8292DC62293477C600367929 /* groceryListViewController.swift */ = {isa = PBXFileReference; lastKnownFileType = sourcecode.swift; path = groceryListViewController.swift; sourceTree = "<group>"; };
		8292DC642934832100367929 /* learnMoreViewController.swift */ = {isa = PBXFileReference; lastKnownFileType = sourcecode.swift; path = learnMoreViewController.swift; sourceTree = "<group>"; };
		8292DC662934F91400367929 /* recipeGLViewController.swift */ = {isa = PBXFileReference; lastKnownFileType = sourcecode.swift; path = recipeGLViewController.swift; sourceTree = "<group>"; };
		A53E64C0292C4DD300CEFC0A /* RecipeTableViewCell.swift */ = {isa = PBXFileReference; lastKnownFileType = sourcecode.swift; path = RecipeTableViewCell.swift; sourceTree = "<group>"; };
		A56635D12932D7B300E986A7 /* filterPopUpViewController.swift */ = {isa = PBXFileReference; lastKnownFileType = sourcecode.swift; path = filterPopUpViewController.swift; sourceTree = "<group>"; };
		A56635D5293335FA00E986A7 /* restaurantViewController.swift */ = {isa = PBXFileReference; fileEncoding = 4; lastKnownFileType = sourcecode.swift; path = restaurantViewController.swift; sourceTree = "<group>"; };
		A584769528FC665A007AC1E7 /* CS329E_mainProject.app */ = {isa = PBXFileReference; explicitFileType = wrapper.application; includeInIndex = 0; path = CS329E_mainProject.app; sourceTree = BUILT_PRODUCTS_DIR; };
		A584769828FC665A007AC1E7 /* AppDelegate.swift */ = {isa = PBXFileReference; lastKnownFileType = sourcecode.swift; path = AppDelegate.swift; sourceTree = "<group>"; };
		A584769A28FC665A007AC1E7 /* SceneDelegate.swift */ = {isa = PBXFileReference; lastKnownFileType = sourcecode.swift; path = SceneDelegate.swift; sourceTree = "<group>"; };
		A584769C28FC665A007AC1E7 /* ViewController.swift */ = {isa = PBXFileReference; lastKnownFileType = sourcecode.swift; path = ViewController.swift; sourceTree = "<group>"; };
		A584769F28FC665A007AC1E7 /* Base */ = {isa = PBXFileReference; lastKnownFileType = file.storyboard; name = Base; path = Base.lproj/Main.storyboard; sourceTree = "<group>"; };
		A58476A228FC665A007AC1E7 /* CS329E_mainProject.xcdatamodel */ = {isa = PBXFileReference; lastKnownFileType = wrapper.xcdatamodel; path = CS329E_mainProject.xcdatamodel; sourceTree = "<group>"; };
		A58476A428FC665A007AC1E7 /* Assets.xcassets */ = {isa = PBXFileReference; lastKnownFileType = folder.assetcatalog; path = Assets.xcassets; sourceTree = "<group>"; };
		A58476A728FC665A007AC1E7 /* Base */ = {isa = PBXFileReference; lastKnownFileType = file.storyboard; name = Base; path = Base.lproj/LaunchScreen.storyboard; sourceTree = "<group>"; };
		A58476A928FC665A007AC1E7 /* Info.plist */ = {isa = PBXFileReference; lastKnownFileType = text.plist.xml; path = Info.plist; sourceTree = "<group>"; };
		A58476AF28FC672A007AC1E7 /* CookbookViewController.swift */ = {isa = PBXFileReference; lastKnownFileType = sourcecode.swift; path = CookbookViewController.swift; sourceTree = "<group>"; };
		A59CFB3D2900DAF600FB3B05 /* customRecipeViewController.swift */ = {isa = PBXFileReference; lastKnownFileType = sourcecode.swift; path = customRecipeViewController.swift; sourceTree = "<group>"; };
		A59CFB3F2900DD9900FB3B05 /* allCookbookRecipesViewController.swift */ = {isa = PBXFileReference; lastKnownFileType = sourcecode.swift; path = allCookbookRecipesViewController.swift; sourceTree = "<group>"; };
		A59CFB412900DDBD00FB3B05 /* randomizeViewController.swift */ = {isa = PBXFileReference; lastKnownFileType = sourcecode.swift; path = randomizeViewController.swift; sourceTree = "<group>"; };
		A5DEE7E92915829D00ECB92E /* Recipes.swift */ = {isa = PBXFileReference; lastKnownFileType = sourcecode.swift; path = Recipes.swift; sourceTree = "<group>"; };
		AE1FA09C2927AB6E00C184A9 /* ColorSchemeViewController.swift */ = {isa = PBXFileReference; lastKnownFileType = sourcecode.swift; path = ColorSchemeViewController.swift; sourceTree = "<group>"; };
		AE27DCF6290EF2CB000B369B /* FontPickerViewController.swift */ = {isa = PBXFileReference; lastKnownFileType = sourcecode.swift; path = FontPickerViewController.swift; sourceTree = "<group>"; };
		AE30C909290342DC004586FC /* CustomizationViewController.swift */ = {isa = PBXFileReference; lastKnownFileType = sourcecode.swift; path = CustomizationViewController.swift; sourceTree = "<group>"; };
		AE3794F328FF5B1A0075EBF6 /* PersonalInformationViewController.swift */ = {isa = PBXFileReference; lastKnownFileType = sourcecode.swift; path = PersonalInformationViewController.swift; sourceTree = "<group>"; };
		AE3794F528FF5B380075EBF6 /* DietViewController.swift */ = {isa = PBXFileReference; lastKnownFileType = sourcecode.swift; path = DietViewController.swift; sourceTree = "<group>"; };
		AE3794F728FF5B820075EBF6 /* UserSettingsViewController.swift */ = {isa = PBXFileReference; lastKnownFileType = sourcecode.swift; path = UserSettingsViewController.swift; sourceTree = "<group>"; };
		AE5679C5291AD8A400E72A21 /* CustomDefaults.swift */ = {isa = PBXFileReference; lastKnownFileType = sourcecode.swift; path = CustomDefaults.swift; sourceTree = "<group>"; };
		AEC77EE92930E8D200687941 /* GreetingAnimationViewController.swift */ = {isa = PBXFileReference; lastKnownFileType = sourcecode.swift; path = GreetingAnimationViewController.swift; sourceTree = "<group>"; };
		AEC77EEB2930E90400687941 /* PickProfilePictureViewController.swift */ = {isa = PBXFileReference; lastKnownFileType = sourcecode.swift; path = PickProfilePictureViewController.swift; sourceTree = "<group>"; };
		AEC77EED2930E92E00687941 /* InitialDietViewController.swift */ = {isa = PBXFileReference; lastKnownFileType = sourcecode.swift; path = InitialDietViewController.swift; sourceTree = "<group>"; };
		AEF443022925676D004B9B66 /* WelcomeViewController.swift */ = {isa = PBXFileReference; lastKnownFileType = sourcecode.swift; path = WelcomeViewController.swift; sourceTree = "<group>"; };
		F436D587291C315A0088BA02 /* RecipeCreateViewController.swift */ = {isa = PBXFileReference; lastKnownFileType = sourcecode.swift; path = RecipeCreateViewController.swift; sourceTree = "<group>"; };
		F496B48129322FC000794DD2 /* HomeTableViewCell.swift */ = {isa = PBXFileReference; lastKnownFileType = sourcecode.swift; path = HomeTableViewCell.swift; sourceTree = "<group>"; };
		F496B4832932377300794DD2 /* RecipeDisplayVC.swift */ = {isa = PBXFileReference; lastKnownFileType = sourcecode.swift; path = RecipeDisplayVC.swift; sourceTree = "<group>"; };
		F496B4892933254300794DD2 /* ScrollRecipeViewController.swift */ = {isa = PBXFileReference; lastKnownFileType = sourcecode.swift; path = ScrollRecipeViewController.swift; sourceTree = "<group>"; };
		F4BC4B4529125341003A32E4 /* RecipeClass .swift */ = {isa = PBXFileReference; lastKnownFileType = sourcecode.swift; path = "RecipeClass .swift"; sourceTree = "<group>"; };
		F4F92617291B9161009E13B7 /* HomeVC.swift */ = {isa = PBXFileReference; lastKnownFileType = sourcecode.swift; path = HomeVC.swift; sourceTree = "<group>"; };
		F4F92619291B918E009E13B7 /* RecipeCreationVC.swift */ = {isa = PBXFileReference; lastKnownFileType = sourcecode.swift; path = RecipeCreationVC.swift; sourceTree = "<group>"; };
		F4F9261D291B9793009E13B7 /* MeasurementVC.swift */ = {isa = PBXFileReference; lastKnownFileType = sourcecode.swift; path = MeasurementVC.swift; sourceTree = "<group>"; };
		F4F9261F291C2D51009E13B7 /* RecipeCreationVC2.swift */ = {isa = PBXFileReference; lastKnownFileType = sourcecode.swift; path = RecipeCreationVC2.swift; sourceTree = "<group>"; };
/* End PBXFileReference section */

/* Begin PBXFrameworksBuildPhase section */
		A584769228FC665A007AC1E7 /* Frameworks */ = {
			isa = PBXFrameworksBuildPhase;
			buildActionMask = 2147483647;
			files = (
				82507E90290EF1F800837CD3 /* FirebaseAuth in Frameworks */,
				A556FD4D291EA6BE008C0C43 /* FirebaseFirestore in Frameworks */,
			);
			runOnlyForDeploymentPostprocessing = 0;
		};
/* End PBXFrameworksBuildPhase section */

/* Begin PBXGroup section */
		A556FD4B291EA6BE008C0C43 /* Frameworks */ = {
			isa = PBXGroup;
			children = (
			);
			name = Frameworks;
			sourceTree = "<group>";
		};
		A584768C28FC665A007AC1E7 = {
			isa = PBXGroup;
			children = (
				A584769728FC665A007AC1E7 /* CS329E_mainProject */,
				A584769628FC665A007AC1E7 /* Products */,
				A556FD4B291EA6BE008C0C43 /* Frameworks */,
			);
			sourceTree = "<group>";
		};
		A584769628FC665A007AC1E7 /* Products */ = {
			isa = PBXGroup;
			children = (
				A584769528FC665A007AC1E7 /* CS329E_mainProject.app */,
			);
			name = Products;
			sourceTree = "<group>";
		};
		A584769728FC665A007AC1E7 /* CS329E_mainProject */ = {
			isa = PBXGroup;
			children = (
				AE2957B62900486400FFDBB0 /* UserSettings */,
				F436D586291C2F5A0088BA02 /* RecipeCreation  */,
				A59CFB452900DEDF00FB3B05 /* Cookbook */,
				AEF44305292567AA004B9B66 /* LoginCreateUser */,
				A584769828FC665A007AC1E7 /* AppDelegate.swift */,
				A584769A28FC665A007AC1E7 /* SceneDelegate.swift */,
				A584769C28FC665A007AC1E7 /* ViewController.swift */,
				F4F92617291B9161009E13B7 /* HomeVC.swift */,
				A5DEE7E92915829D00ECB92E /* Recipes.swift */,
				F4BC4B4529125341003A32E4 /* RecipeClass .swift */,
				8292DC642934832100367929 /* learnMoreViewController.swift */,
				8292DC62293477C600367929 /* groceryListViewController.swift */,
				8292DC662934F91400367929 /* recipeGLViewController.swift */,
				F496B4832932377300794DD2 /* RecipeDisplayVC.swift */,
				F496B4892933254300794DD2 /* ScrollRecipeViewController.swift */,
				F496B48129322FC000794DD2 /* HomeTableViewCell.swift */,
				A584769E28FC665A007AC1E7 /* Main.storyboard */,
				A58476A628FC665A007AC1E7 /* LaunchScreen.storyboard */,
				A58476A428FC665A007AC1E7 /* Assets.xcassets */,
				A58476A928FC665A007AC1E7 /* Info.plist */,
				A58476A128FC665A007AC1E7 /* CS329E_mainProject.xcdatamodeld */,
				82507E8C290EF19D00837CD3 /* GoogleService-Info.plist */,
			);
			path = CS329E_mainProject;
			sourceTree = "<group>";
		};
		A59CFB452900DEDF00FB3B05 /* Cookbook */ = {
			isa = PBXGroup;
			children = (
				A53E64C0292C4DD300CEFC0A /* RecipeTableViewCell.swift */,
				A59CFB3D2900DAF600FB3B05 /* customRecipeViewController.swift */,
				A59CFB412900DDBD00FB3B05 /* randomizeViewController.swift */,
				A59CFB3F2900DD9900FB3B05 /* allCookbookRecipesViewController.swift */,
				A58476AF28FC672A007AC1E7 /* CookbookViewController.swift */,
				A56635D12932D7B300E986A7 /* filterPopUpViewController.swift */,
				A56635D5293335FA00E986A7 /* restaurantViewController.swift */,
			);
			path = Cookbook;
			sourceTree = "<group>";
		};
		AE2957B62900486400FFDBB0 /* UserSettings */ = {
			isa = PBXGroup;
			children = (
				AE5679C5291AD8A400E72A21 /* CustomDefaults.swift */,
				AE1FA09C2927AB6E00C184A9 /* ColorSchemeViewController.swift */,
				AE3794F728FF5B820075EBF6 /* UserSettingsViewController.swift */,
				AE3794F528FF5B380075EBF6 /* DietViewController.swift */,
				AE3794F328FF5B1A0075EBF6 /* PersonalInformationViewController.swift */,
				AE30C909290342DC004586FC /* CustomizationViewController.swift */,
				AE27DCF6290EF2CB000B369B /* FontPickerViewController.swift */,
			);
			path = UserSettings;
			sourceTree = "<group>";
		};
		AEF44305292567AA004B9B66 /* LoginCreateUser */ = {
			isa = PBXGroup;
			children = (
				82507E8A290EEF0900837CD3 /* loginViewController.swift */,
				AEC77EED2930E92E00687941 /* InitialDietViewController.swift */,
				AEC77EE92930E8D200687941 /* GreetingAnimationViewController.swift */,
				AEF443022925676D004B9B66 /* WelcomeViewController.swift */,
				AEC77EEB2930E90400687941 /* PickProfilePictureViewController.swift */,
			);
			path = LoginCreateUser;
			sourceTree = "<group>";
		};
		F436D586291C2F5A0088BA02 /* RecipeCreation  */ = {
			isa = PBXGroup;
			children = (
				F4F92619291B918E009E13B7 /* RecipeCreationVC.swift */,
				F4F9261F291C2D51009E13B7 /* RecipeCreationVC2.swift */,
				F4F9261D291B9793009E13B7 /* MeasurementVC.swift */,
				F436D587291C315A0088BA02 /* RecipeCreateViewController.swift */,
			);
			path = "RecipeCreation ";
			sourceTree = "<group>";
		};
/* End PBXGroup section */

/* Begin PBXNativeTarget section */
		A584769428FC665A007AC1E7 /* CS329E_mainProject */ = {
			isa = PBXNativeTarget;
			buildConfigurationList = A58476AC28FC665A007AC1E7 /* Build configuration list for PBXNativeTarget "CS329E_mainProject" */;
			buildPhases = (
				A584769128FC665A007AC1E7 /* Sources */,
				A584769228FC665A007AC1E7 /* Frameworks */,
				A584769328FC665A007AC1E7 /* Resources */,
			);
			buildRules = (
			);
			dependencies = (
			);
			name = CS329E_mainProject;
			packageProductDependencies = (
				82507E8F290EF1F800837CD3 /* FirebaseAuth */,
				A556FD4C291EA6BE008C0C43 /* FirebaseFirestore */,
			);
			productName = CS329E_mainProject;
			productReference = A584769528FC665A007AC1E7 /* CS329E_mainProject.app */;
			productType = "com.apple.product-type.application";
		};
/* End PBXNativeTarget section */

/* Begin PBXProject section */
		A584768D28FC665A007AC1E7 /* Project object */ = {
			isa = PBXProject;
			attributes = {
				BuildIndependentTargetsInParallel = 1;
				LastSwiftUpdateCheck = 1400;
				LastUpgradeCheck = 1400;
				TargetAttributes = {
					A584769428FC665A007AC1E7 = {
						CreatedOnToolsVersion = 14.0.1;
					};
				};
			};
			buildConfigurationList = A584769028FC665A007AC1E7 /* Build configuration list for PBXProject "CS329E_mainProject" */;
			compatibilityVersion = "Xcode 14.0";
			developmentRegion = en;
			hasScannedForEncodings = 0;
			knownRegions = (
				en,
				Base,
			);
			mainGroup = A584768C28FC665A007AC1E7;
			packageReferences = (
				82507E8E290EF1F800837CD3 /* XCRemoteSwiftPackageReference "firebase-ios-sdk" */,
			);
			productRefGroup = A584769628FC665A007AC1E7 /* Products */;
			projectDirPath = "";
			projectRoot = "";
			targets = (
				A584769428FC665A007AC1E7 /* CS329E_mainProject */,
			);
		};
/* End PBXProject section */

/* Begin PBXResourcesBuildPhase section */
		A584769328FC665A007AC1E7 /* Resources */ = {
			isa = PBXResourcesBuildPhase;
			buildActionMask = 2147483647;
			files = (
				A58476A828FC665A007AC1E7 /* LaunchScreen.storyboard in Resources */,
				82507E8D290EF19D00837CD3 /* GoogleService-Info.plist in Resources */,
				A58476A528FC665A007AC1E7 /* Assets.xcassets in Resources */,
				A58476A028FC665A007AC1E7 /* Main.storyboard in Resources */,
			);
			runOnlyForDeploymentPostprocessing = 0;
		};
/* End PBXResourcesBuildPhase section */

/* Begin PBXSourcesBuildPhase section */
		A584769128FC665A007AC1E7 /* Sources */ = {
			isa = PBXSourcesBuildPhase;
			buildActionMask = 2147483647;
			files = (
				8292DC63293477C600367929 /* groceryListViewController.swift in Sources */,
				A584769D28FC665A007AC1E7 /* ViewController.swift in Sources */,
				A56635D22932D7B300E986A7 /* filterPopUpViewController.swift in Sources */,
				F4BC4B4629125341003A32E4 /* RecipeClass .swift in Sources */,
				F4F92620291C2D51009E13B7 /* RecipeCreationVC2.swift in Sources */,
				A53E64C1292C4DD300CEFC0A /* RecipeTableViewCell.swift in Sources */,
				F4F9261E291B9793009E13B7 /* MeasurementVC.swift in Sources */,
				F496B4842932377300794DD2 /* RecipeDisplayVC.swift in Sources */,
				F4F9261A291B918E009E13B7 /* RecipeCreationVC.swift in Sources */,
				AE30C90A290342DC004586FC /* CustomizationViewController.swift in Sources */,
				F496B48A2933254300794DD2 /* ScrollRecipeViewController.swift in Sources */,
				A584769928FC665A007AC1E7 /* AppDelegate.swift in Sources */,
				A584769B28FC665A007AC1E7 /* SceneDelegate.swift in Sources */,
				A59CFB422900DDBD00FB3B05 /* randomizeViewController.swift in Sources */,
				AE3794F628FF5B380075EBF6 /* DietViewController.swift in Sources */,
				A59CFB3E2900DAF600FB3B05 /* customRecipeViewController.swift in Sources */,
				A59CFB402900DD9900FB3B05 /* allCookbookRecipesViewController.swift in Sources */,
				AE3794F828FF5B820075EBF6 /* UserSettingsViewController.swift in Sources */,
				A5DEE7EA2915829D00ECB92E /* Recipes.swift in Sources */,
				AEC77EEA2930E8D200687941 /* GreetingAnimationViewController.swift in Sources */,
				A58476A328FC665A007AC1E7 /* CS329E_mainProject.xcdatamodeld in Sources */,
				AE5679C6291AD8A400E72A21 /* CustomDefaults.swift in Sources */,
				F4F92618291B9161009E13B7 /* HomeVC.swift in Sources */,
				AEF443032925676D004B9B66 /* WelcomeViewController.swift in Sources */,
				8292DC652934832100367929 /* learnMoreViewController.swift in Sources */,
				AEC77EEE2930E92E00687941 /* InitialDietViewController.swift in Sources */,
				A58476B028FC672A007AC1E7 /* CookbookViewController.swift in Sources */,
				AE27DCF7290EF2CB000B369B /* FontPickerViewController.swift in Sources */,
				AE1FA09D2927AB6E00C184A9 /* ColorSchemeViewController.swift in Sources */,
				8292DC672934F91400367929 /* recipeGLViewController.swift in Sources */,
				F436D588291C315A0088BA02 /* RecipeCreateViewController.swift in Sources */,
				AE3794F428FF5B1A0075EBF6 /* PersonalInformationViewController.swift in Sources */,
				AEC77EEC2930E90400687941 /* PickProfilePictureViewController.swift in Sources */,
				F496B48229322FC000794DD2 /* HomeTableViewCell.swift in Sources */,
				82507E8B290EEF0900837CD3 /* loginViewController.swift in Sources */,
				A56635D6293335FA00E986A7 /* restaurantViewController.swift in Sources */,
			);
			runOnlyForDeploymentPostprocessing = 0;
		};
/* End PBXSourcesBuildPhase section */

/* Begin PBXVariantGroup section */
		A584769E28FC665A007AC1E7 /* Main.storyboard */ = {
			isa = PBXVariantGroup;
			children = (
				A584769F28FC665A007AC1E7 /* Base */,
			);
			name = Main.storyboard;
			sourceTree = "<group>";
		};
		A58476A628FC665A007AC1E7 /* LaunchScreen.storyboard */ = {
			isa = PBXVariantGroup;
			children = (
				A58476A728FC665A007AC1E7 /* Base */,
			);
			name = LaunchScreen.storyboard;
			sourceTree = "<group>";
		};
/* End PBXVariantGroup section */

/* Begin XCBuildConfiguration section */
		A58476AA28FC665A007AC1E7 /* Debug */ = {
			isa = XCBuildConfiguration;
			buildSettings = {
				ALWAYS_SEARCH_USER_PATHS = NO;
				CLANG_ANALYZER_NONNULL = YES;
				CLANG_ANALYZER_NUMBER_OBJECT_CONVERSION = YES_AGGRESSIVE;
				CLANG_CXX_LANGUAGE_STANDARD = "gnu++20";
				CLANG_ENABLE_MODULES = YES;
				CLANG_ENABLE_OBJC_ARC = YES;
				CLANG_ENABLE_OBJC_WEAK = YES;
				CLANG_WARN_BLOCK_CAPTURE_AUTORELEASING = YES;
				CLANG_WARN_BOOL_CONVERSION = YES;
				CLANG_WARN_COMMA = YES;
				CLANG_WARN_CONSTANT_CONVERSION = YES;
				CLANG_WARN_DEPRECATED_OBJC_IMPLEMENTATIONS = YES;
				CLANG_WARN_DIRECT_OBJC_ISA_USAGE = YES_ERROR;
				CLANG_WARN_DOCUMENTATION_COMMENTS = YES;
				CLANG_WARN_EMPTY_BODY = YES;
				CLANG_WARN_ENUM_CONVERSION = YES;
				CLANG_WARN_INFINITE_RECURSION = YES;
				CLANG_WARN_INT_CONVERSION = YES;
				CLANG_WARN_NON_LITERAL_NULL_CONVERSION = YES;
				CLANG_WARN_OBJC_IMPLICIT_RETAIN_SELF = YES;
				CLANG_WARN_OBJC_LITERAL_CONVERSION = YES;
				CLANG_WARN_OBJC_ROOT_CLASS = YES_ERROR;
				CLANG_WARN_QUOTED_INCLUDE_IN_FRAMEWORK_HEADER = YES;
				CLANG_WARN_RANGE_LOOP_ANALYSIS = YES;
				CLANG_WARN_STRICT_PROTOTYPES = YES;
				CLANG_WARN_SUSPICIOUS_MOVE = YES;
				CLANG_WARN_UNGUARDED_AVAILABILITY = YES_AGGRESSIVE;
				CLANG_WARN_UNREACHABLE_CODE = YES;
				CLANG_WARN__DUPLICATE_METHOD_MATCH = YES;
				COPY_PHASE_STRIP = NO;
				DEBUG_INFORMATION_FORMAT = dwarf;
				ENABLE_STRICT_OBJC_MSGSEND = YES;
				ENABLE_TESTABILITY = YES;
				GCC_C_LANGUAGE_STANDARD = gnu11;
				GCC_DYNAMIC_NO_PIC = NO;
				GCC_NO_COMMON_BLOCKS = YES;
				GCC_OPTIMIZATION_LEVEL = 0;
				GCC_PREPROCESSOR_DEFINITIONS = (
					"DEBUG=1",
					"$(inherited)",
				);
				GCC_WARN_64_TO_32_BIT_CONVERSION = YES;
				GCC_WARN_ABOUT_RETURN_TYPE = YES_ERROR;
				GCC_WARN_UNDECLARED_SELECTOR = YES;
				GCC_WARN_UNINITIALIZED_AUTOS = YES_AGGRESSIVE;
				GCC_WARN_UNUSED_FUNCTION = YES;
				GCC_WARN_UNUSED_VARIABLE = YES;
				IPHONEOS_DEPLOYMENT_TARGET = 16.0;
				MTL_ENABLE_DEBUG_INFO = INCLUDE_SOURCE;
				MTL_FAST_MATH = YES;
				ONLY_ACTIVE_ARCH = YES;
				SDKROOT = iphoneos;
				SWIFT_ACTIVE_COMPILATION_CONDITIONS = DEBUG;
				SWIFT_OPTIMIZATION_LEVEL = "-Onone";
			};
			name = Debug;
		};
		A58476AB28FC665A007AC1E7 /* Release */ = {
			isa = XCBuildConfiguration;
			buildSettings = {
				ALWAYS_SEARCH_USER_PATHS = NO;
				CLANG_ANALYZER_NONNULL = YES;
				CLANG_ANALYZER_NUMBER_OBJECT_CONVERSION = YES_AGGRESSIVE;
				CLANG_CXX_LANGUAGE_STANDARD = "gnu++20";
				CLANG_ENABLE_MODULES = YES;
				CLANG_ENABLE_OBJC_ARC = YES;
				CLANG_ENABLE_OBJC_WEAK = YES;
				CLANG_WARN_BLOCK_CAPTURE_AUTORELEASING = YES;
				CLANG_WARN_BOOL_CONVERSION = YES;
				CLANG_WARN_COMMA = YES;
				CLANG_WARN_CONSTANT_CONVERSION = YES;
				CLANG_WARN_DEPRECATED_OBJC_IMPLEMENTATIONS = YES;
				CLANG_WARN_DIRECT_OBJC_ISA_USAGE = YES_ERROR;
				CLANG_WARN_DOCUMENTATION_COMMENTS = YES;
				CLANG_WARN_EMPTY_BODY = YES;
				CLANG_WARN_ENUM_CONVERSION = YES;
				CLANG_WARN_INFINITE_RECURSION = YES;
				CLANG_WARN_INT_CONVERSION = YES;
				CLANG_WARN_NON_LITERAL_NULL_CONVERSION = YES;
				CLANG_WARN_OBJC_IMPLICIT_RETAIN_SELF = YES;
				CLANG_WARN_OBJC_LITERAL_CONVERSION = YES;
				CLANG_WARN_OBJC_ROOT_CLASS = YES_ERROR;
				CLANG_WARN_QUOTED_INCLUDE_IN_FRAMEWORK_HEADER = YES;
				CLANG_WARN_RANGE_LOOP_ANALYSIS = YES;
				CLANG_WARN_STRICT_PROTOTYPES = YES;
				CLANG_WARN_SUSPICIOUS_MOVE = YES;
				CLANG_WARN_UNGUARDED_AVAILABILITY = YES_AGGRESSIVE;
				CLANG_WARN_UNREACHABLE_CODE = YES;
				CLANG_WARN__DUPLICATE_METHOD_MATCH = YES;
				COPY_PHASE_STRIP = NO;
				DEBUG_INFORMATION_FORMAT = "dwarf-with-dsym";
				ENABLE_NS_ASSERTIONS = NO;
				ENABLE_STRICT_OBJC_MSGSEND = YES;
				GCC_C_LANGUAGE_STANDARD = gnu11;
				GCC_NO_COMMON_BLOCKS = YES;
				GCC_WARN_64_TO_32_BIT_CONVERSION = YES;
				GCC_WARN_ABOUT_RETURN_TYPE = YES_ERROR;
				GCC_WARN_UNDECLARED_SELECTOR = YES;
				GCC_WARN_UNINITIALIZED_AUTOS = YES_AGGRESSIVE;
				GCC_WARN_UNUSED_FUNCTION = YES;
				GCC_WARN_UNUSED_VARIABLE = YES;
				IPHONEOS_DEPLOYMENT_TARGET = 16.0;
				MTL_ENABLE_DEBUG_INFO = NO;
				MTL_FAST_MATH = YES;
				SDKROOT = iphoneos;
				SWIFT_COMPILATION_MODE = wholemodule;
				SWIFT_OPTIMIZATION_LEVEL = "-O";
				VALIDATE_PRODUCT = YES;
			};
			name = Release;
		};
		A58476AD28FC665A007AC1E7 /* Debug */ = {
			isa = XCBuildConfiguration;
			buildSettings = {
				ASSETCATALOG_COMPILER_APPICON_NAME = AppIcon;
				ASSETCATALOG_COMPILER_GLOBAL_ACCENT_COLOR_NAME = AccentColor;
				CODE_SIGN_STYLE = Automatic;
				CURRENT_PROJECT_VERSION = 1;
				DEVELOPMENT_TEAM = 2CL7ZP4VY7;
				GENERATE_INFOPLIST_FILE = YES;
				INFOPLIST_FILE = CS329E_mainProject/Info.plist;
				INFOPLIST_KEY_UIApplicationSupportsIndirectInputEvents = YES;
				INFOPLIST_KEY_UILaunchStoryboardName = LaunchScreen;
				INFOPLIST_KEY_UIMainStoryboardFile = Main;
				INFOPLIST_KEY_UISupportedInterfaceOrientations_iPad = "UIInterfaceOrientationPortrait UIInterfaceOrientationPortraitUpsideDown UIInterfaceOrientationLandscapeLeft UIInterfaceOrientationLandscapeRight";
				INFOPLIST_KEY_UISupportedInterfaceOrientations_iPhone = "UIInterfaceOrientationPortrait UIInterfaceOrientationLandscapeLeft UIInterfaceOrientationLandscapeRight";
				LD_RUNPATH_SEARCH_PATHS = (
					"$(inherited)",
					"@executable_path/Frameworks",
				);
				MARKETING_VERSION = 1.0;
				PRODUCT_BUNDLE_IDENTIFIER = "CS329E.CS329E-mainProject";
				PRODUCT_NAME = "$(TARGET_NAME)";
				SWIFT_EMIT_LOC_STRINGS = YES;
				SWIFT_VERSION = 5.0;
				TARGETED_DEVICE_FAMILY = "1,2";
			};
			name = Debug;
		};
		A58476AE28FC665A007AC1E7 /* Release */ = {
			isa = XCBuildConfiguration;
			buildSettings = {
				ASSETCATALOG_COMPILER_APPICON_NAME = AppIcon;
				ASSETCATALOG_COMPILER_GLOBAL_ACCENT_COLOR_NAME = AccentColor;
				CODE_SIGN_STYLE = Automatic;
				CURRENT_PROJECT_VERSION = 1;
				DEVELOPMENT_TEAM = 2CL7ZP4VY7;
				GENERATE_INFOPLIST_FILE = YES;
				INFOPLIST_FILE = CS329E_mainProject/Info.plist;
				INFOPLIST_KEY_UIApplicationSupportsIndirectInputEvents = YES;
				INFOPLIST_KEY_UILaunchStoryboardName = LaunchScreen;
				INFOPLIST_KEY_UIMainStoryboardFile = Main;
				INFOPLIST_KEY_UISupportedInterfaceOrientations_iPad = "UIInterfaceOrientationPortrait UIInterfaceOrientationPortraitUpsideDown UIInterfaceOrientationLandscapeLeft UIInterfaceOrientationLandscapeRight";
				INFOPLIST_KEY_UISupportedInterfaceOrientations_iPhone = "UIInterfaceOrientationPortrait UIInterfaceOrientationLandscapeLeft UIInterfaceOrientationLandscapeRight";
				LD_RUNPATH_SEARCH_PATHS = (
					"$(inherited)",
					"@executable_path/Frameworks",
				);
				MARKETING_VERSION = 1.0;
				PRODUCT_BUNDLE_IDENTIFIER = "CS329E.CS329E-mainProject";
				PRODUCT_NAME = "$(TARGET_NAME)";
				SWIFT_EMIT_LOC_STRINGS = YES;
				SWIFT_VERSION = 5.0;
				TARGETED_DEVICE_FAMILY = "1,2";
			};
			name = Release;
		};
/* End XCBuildConfiguration section */

/* Begin XCConfigurationList section */
		A584769028FC665A007AC1E7 /* Build configuration list for PBXProject "CS329E_mainProject" */ = {
			isa = XCConfigurationList;
			buildConfigurations = (
				A58476AA28FC665A007AC1E7 /* Debug */,
				A58476AB28FC665A007AC1E7 /* Release */,
			);
			defaultConfigurationIsVisible = 0;
			defaultConfigurationName = Release;
		};
		A58476AC28FC665A007AC1E7 /* Build configuration list for PBXNativeTarget "CS329E_mainProject" */ = {
			isa = XCConfigurationList;
			buildConfigurations = (
				A58476AD28FC665A007AC1E7 /* Debug */,
				A58476AE28FC665A007AC1E7 /* Release */,
			);
			defaultConfigurationIsVisible = 0;
			defaultConfigurationName = Release;
		};
/* End XCConfigurationList section */

/* Begin XCRemoteSwiftPackageReference section */
		82507E8E290EF1F800837CD3 /* XCRemoteSwiftPackageReference "firebase-ios-sdk" */ = {
			isa = XCRemoteSwiftPackageReference;
			repositoryURL = "https://github.com/firebase/firebase-ios-sdk";
			requirement = {
				branch = master;
				kind = branch;
			};
		};
/* End XCRemoteSwiftPackageReference section */

/* Begin XCSwiftPackageProductDependency section */
		82507E8F290EF1F800837CD3 /* FirebaseAuth */ = {
			isa = XCSwiftPackageProductDependency;
			package = 82507E8E290EF1F800837CD3 /* XCRemoteSwiftPackageReference "firebase-ios-sdk" */;
			productName = FirebaseAuth;
		};
		A556FD4C291EA6BE008C0C43 /* FirebaseFirestore */ = {
			isa = XCSwiftPackageProductDependency;
			package = 82507E8E290EF1F800837CD3 /* XCRemoteSwiftPackageReference "firebase-ios-sdk" */;
			productName = FirebaseFirestore;
		};
/* End XCSwiftPackageProductDependency section */

/* Begin XCVersionGroup section */
		A58476A128FC665A007AC1E7 /* CS329E_mainProject.xcdatamodeld */ = {
			isa = XCVersionGroup;
			children = (
				A58476A228FC665A007AC1E7 /* CS329E_mainProject.xcdatamodel */,
			);
			currentVersion = A58476A228FC665A007AC1E7 /* CS329E_mainProject.xcdatamodel */;
			path = CS329E_mainProject.xcdatamodeld;
			sourceTree = "<group>";
			versionGroupType = wrapper.xcdatamodel;
		};
/* End XCVersionGroup section */
	};
	rootObject = A584768D28FC665A007AC1E7 /* Project object */;
}
