// !$*UTF8*$!
{
	archiveVersion = 1;
	classes = {
	};
	objectVersion = 56;
	objects = {

/* Begin PBXBuildFile section */
		A57AB7D928FF4F7900B03B5D /* AppDelegate.swift in Sources */ = {isa = PBXBuildFile; fileRef = A57AB7D828FF4F7900B03B5D /* AppDelegate.swift */; };
		A57AB7DB28FF4F7900B03B5D /* SceneDelegate.swift in Sources */ = {isa = PBXBuildFile; fileRef = A57AB7DA28FF4F7900B03B5D /* SceneDelegate.swift */; };
		A57AB7DD28FF4F7900B03B5D /* ViewController.swift in Sources */ = {isa = PBXBuildFile; fileRef = A57AB7DC28FF4F7900B03B5D /* ViewController.swift */; };
		A57AB7E028FF4F7900B03B5D /* Main.storyboard in Resources */ = {isa = PBXBuildFile; fileRef = A57AB7DE28FF4F7900B03B5D /* Main.storyboard */; };
		A57AB7E328FF4F7900B03B5D /* testingGithub.xcdatamodeld in Sources */ = {isa = PBXBuildFile; fileRef = A57AB7E128FF4F7900B03B5D /* testingGithub.xcdatamodeld */; };
		A57AB7E528FF4F7A00B03B5D /* Assets.xcassets in Resources */ = {isa = PBXBuildFile; fileRef = A57AB7E428FF4F7A00B03B5D /* Assets.xcassets */; };
		A57AB7E828FF4F7A00B03B5D /* LaunchScreen.storyboard in Resources */ = {isa = PBXBuildFile; fileRef = A57AB7E628FF4F7A00B03B5D /* LaunchScreen.storyboard */; };
/* End PBXBuildFile section */

/* Begin PBXFileReference section */
		A57AB7D528FF4F7900B03B5D /* testingGithub.app */ = {isa = PBXFileReference; explicitFileType = wrapper.application; includeInIndex = 0; path = testingGithub.app; sourceTree = BUILT_PRODUCTS_DIR; };
		A57AB7D828FF4F7900B03B5D /* AppDelegate.swift */ = {isa = PBXFileReference; lastKnownFileType = sourcecode.swift; path = AppDelegate.swift; sourceTree = "<group>"; };
		A57AB7DA28FF4F7900B03B5D /* SceneDelegate.swift */ = {isa = PBXFileReference; lastKnownFileType = sourcecode.swift; path = SceneDelegate.swift; sourceTree = "<group>"; };
		A57AB7DC28FF4F7900B03B5D /* ViewController.swift */ = {isa = PBXFileReference; lastKnownFileType = sourcecode.swift; path = ViewController.swift; sourceTree = "<group>"; };
		A57AB7DF28FF4F7900B03B5D /* Base */ = {isa = PBXFileReference; lastKnownFileType = file.storyboard; name = Base; path = Base.lproj/Main.storyboard; sourceTree = "<group>"; };
		A57AB7E228FF4F7900B03B5D /* testingGithub.xcdatamodel */ = {isa = PBXFileReference; lastKnownFileType = wrapper.xcdatamodel; path = testingGithub.xcdatamodel; sourceTree = "<group>"; };
		A57AB7E428FF4F7A00B03B5D /* Assets.xcassets */ = {isa = PBXFileReference; lastKnownFileType = folder.assetcatalog; path = Assets.xcassets; sourceTree = "<group>"; };
		A57AB7E728FF4F7A00B03B5D /* Base */ = {isa = PBXFileReference; lastKnownFileType = file.storyboard; name = Base; path = Base.lproj/LaunchScreen.storyboard; sourceTree = "<group>"; };
		A57AB7E928FF4F7A00B03B5D /* Info.plist */ = {isa = PBXFileReference; lastKnownFileType = text.plist.xml; path = Info.plist; sourceTree = "<group>"; };
/* End PBXFileReference section */

/* Begin PBXFrameworksBuildPhase section */
		A57AB7D228FF4F7900B03B5D /* Frameworks */ = {
			isa = PBXFrameworksBuildPhase;
			buildActionMask = 2147483647;
			files = (
			);
			runOnlyForDeploymentPostprocessing = 0;
		};
/* End PBXFrameworksBuildPhase section */

/* Begin PBXGroup section */
		A57AB7CC28FF4F7900B03B5D = {
			isa = PBXGroup;
			children = (
				A57AB7D728FF4F7900B03B5D /* testingGithub */,
				A57AB7D628FF4F7900B03B5D /* Products */,
			);
			sourceTree = "<group>";
		};
		A57AB7D628FF4F7900B03B5D /* Products */ = {
			isa = PBXGroup;
			children = (
				A57AB7D528FF4F7900B03B5D /* testingGithub.app */,
			);
			name = Products;
			sourceTree = "<group>";
		};
		A57AB7D728FF4F7900B03B5D /* testingGithub */ = {
			isa = PBXGroup;
			children = (
				A57AB7D828FF4F7900B03B5D /* AppDelegate.swift */,
				A57AB7DA28FF4F7900B03B5D /* SceneDelegate.swift */,
				A57AB7DC28FF4F7900B03B5D /* ViewController.swift */,
				A57AB7DE28FF4F7900B03B5D /* Main.storyboard */,
				A57AB7E428FF4F7A00B03B5D /* Assets.xcassets */,
				A57AB7E628FF4F7A00B03B5D /* LaunchScreen.storyboard */,
				A57AB7E928FF4F7A00B03B5D /* Info.plist */,
				A57AB7E128FF4F7900B03B5D /* testingGithub.xcdatamodeld */,
			);
			path = testingGithub;
			sourceTree = "<group>";
		};
/* End PBXGroup section */

/* Begin PBXNativeTarget section */
		A57AB7D428FF4F7900B03B5D /* testingGithub */ = {
			isa = PBXNativeTarget;
			buildConfigurationList = A57AB7EC28FF4F7A00B03B5D /* Build configuration list for PBXNativeTarget "testingGithub" */;
			buildPhases = (
				A57AB7D128FF4F7900B03B5D /* Sources */,
				A57AB7D228FF4F7900B03B5D /* Frameworks */,
				A57AB7D328FF4F7900B03B5D /* Resources */,
			);
			buildRules = (
			);
			dependencies = (
			);
			name = testingGithub;
			productName = testingGithub;
			productReference = A57AB7D528FF4F7900B03B5D /* testingGithub.app */;
			productType = "com.apple.product-type.application";
		};
/* End PBXNativeTarget section */

/* Begin PBXProject section */
		A57AB7CD28FF4F7900B03B5D /* Project object */ = {
			isa = PBXProject;
			attributes = {
				BuildIndependentTargetsInParallel = 1;
				LastSwiftUpdateCheck = 1400;
				LastUpgradeCheck = 1400;
				TargetAttributes = {
					A57AB7D428FF4F7900B03B5D = {
						CreatedOnToolsVersion = 14.0.1;
					};
				};
			};
			buildConfigurationList = A57AB7D028FF4F7900B03B5D /* Build configuration list for PBXProject "testingGithub" */;
			compatibilityVersion = "Xcode 14.0";
			developmentRegion = en;
			hasScannedForEncodings = 0;
			knownRegions = (
				en,
				Base,
			);
			mainGroup = A57AB7CC28FF4F7900B03B5D;
			productRefGroup = A57AB7D628FF4F7900B03B5D /* Products */;
			projectDirPath = "";
			projectRoot = "";
			targets = (
				A57AB7D428FF4F7900B03B5D /* testingGithub */,
			);
		};
/* End PBXProject section */

/* Begin PBXResourcesBuildPhase section */
		A57AB7D328FF4F7900B03B5D /* Resources */ = {
			isa = PBXResourcesBuildPhase;
			buildActionMask = 2147483647;
			files = (
				A57AB7E828FF4F7A00B03B5D /* LaunchScreen.storyboard in Resources */,
				A57AB7E528FF4F7A00B03B5D /* Assets.xcassets in Resources */,
				A57AB7E028FF4F7900B03B5D /* Main.storyboard in Resources */,
			);
			runOnlyForDeploymentPostprocessing = 0;
		};
/* End PBXResourcesBuildPhase section */

/* Begin PBXSourcesBuildPhase section */
		A57AB7D128FF4F7900B03B5D /* Sources */ = {
			isa = PBXSourcesBuildPhase;
			buildActionMask = 2147483647;
			files = (
				A57AB7DD28FF4F7900B03B5D /* ViewController.swift in Sources */,
				A57AB7D928FF4F7900B03B5D /* AppDelegate.swift in Sources */,
				A57AB7DB28FF4F7900B03B5D /* SceneDelegate.swift in Sources */,
				A57AB7E328FF4F7900B03B5D /* testingGithub.xcdatamodeld in Sources */,
			);
			runOnlyForDeploymentPostprocessing = 0;
		};
/* End PBXSourcesBuildPhase section */

/* Begin PBXVariantGroup section */
		A57AB7DE28FF4F7900B03B5D /* Main.storyboard */ = {
			isa = PBXVariantGroup;
			children = (
				A57AB7DF28FF4F7900B03B5D /* Base */,
			);
			name = Main.storyboard;
			sourceTree = "<group>";
		};
		A57AB7E628FF4F7A00B03B5D /* LaunchScreen.storyboard */ = {
			isa = PBXVariantGroup;
			children = (
				A57AB7E728FF4F7A00B03B5D /* Base */,
			);
			name = LaunchScreen.storyboard;
			sourceTree = "<group>";
		};
/* End PBXVariantGroup section */

/* Begin XCBuildConfiguration section */
		A57AB7EA28FF4F7A00B03B5D /* Debug */ = {
			isa = XCBuildConfiguration;
			buildSettings = {
				ALWAYS_SEARCH_USER_PATHS = NO;
				CLANG_ANALYZER_NONNULL = YES;
				CLANG_ANALYZER_NUMBER_OBJECT_CONVERSION = YES_AGGRESSIVE;
				CLANG_CXX_LANGUAGE_STANDARD = "gnu++20";
				CLANG_ENABLE_MODULES = YES;
				CLANG_ENABLE_OBJC_ARC = YES;
				CLANG_ENABLE_OBJC_WEAK = YES;
				CLANG_WARN_BLOCK_CAPTURE_AUTORELEASING = YES;
				CLANG_WARN_BOOL_CONVERSION = YES;
				CLANG_WARN_COMMA = YES;
				CLANG_WARN_CONSTANT_CONVERSION = YES;
				CLANG_WARN_DEPRECATED_OBJC_IMPLEMENTATIONS = YES;
				CLANG_WARN_DIRECT_OBJC_ISA_USAGE = YES_ERROR;
				CLANG_WARN_DOCUMENTATION_COMMENTS = YES;
				CLANG_WARN_EMPTY_BODY = YES;
				CLANG_WARN_ENUM_CONVERSION = YES;
				CLANG_WARN_INFINITE_RECURSION = YES;
				CLANG_WARN_INT_CONVERSION = YES;
				CLANG_WARN_NON_LITERAL_NULL_CONVERSION = YES;
				CLANG_WARN_OBJC_IMPLICIT_RETAIN_SELF = YES;
				CLANG_WARN_OBJC_LITERAL_CONVERSION = YES;
				CLANG_WARN_OBJC_ROOT_CLASS = YES_ERROR;
				CLANG_WARN_QUOTED_INCLUDE_IN_FRAMEWORK_HEADER = YES;
				CLANG_WARN_RANGE_LOOP_ANALYSIS = YES;
				CLANG_WARN_STRICT_PROTOTYPES = YES;
				CLANG_WARN_SUSPICIOUS_MOVE = YES;
				CLANG_WARN_UNGUARDED_AVAILABILITY = YES_AGGRESSIVE;
				CLANG_WARN_UNREACHABLE_CODE = YES;
				CLANG_WARN__DUPLICATE_METHOD_MATCH = YES;
				COPY_PHASE_STRIP = NO;
				DEBUG_INFORMATION_FORMAT = dwarf;
				ENABLE_STRICT_OBJC_MSGSEND = YES;
				ENABLE_TESTABILITY = YES;
				GCC_C_LANGUAGE_STANDARD = gnu11;
				GCC_DYNAMIC_NO_PIC = NO;
				GCC_NO_COMMON_BLOCKS = YES;
				GCC_OPTIMIZATION_LEVEL = 0;
				GCC_PREPROCESSOR_DEFINITIONS = (
					"DEBUG=1",
					"$(inherited)",
				);
				GCC_WARN_64_TO_32_BIT_CONVERSION = YES;
				GCC_WARN_ABOUT_RETURN_TYPE = YES_ERROR;
				GCC_WARN_UNDECLARED_SELECTOR = YES;
				GCC_WARN_UNINITIALIZED_AUTOS = YES_AGGRESSIVE;
				GCC_WARN_UNUSED_FUNCTION = YES;
				GCC_WARN_UNUSED_VARIABLE = YES;
				IPHONEOS_DEPLOYMENT_TARGET = 16.0;
				MTL_ENABLE_DEBUG_INFO = INCLUDE_SOURCE;
				MTL_FAST_MATH = YES;
				ONLY_ACTIVE_ARCH = YES;
				SDKROOT = iphoneos;
				SWIFT_ACTIVE_COMPILATION_CONDITIONS = DEBUG;
				SWIFT_OPTIMIZATION_LEVEL = "-Onone";
			};
			name = Debug;
		};
		A57AB7EB28FF4F7A00B03B5D /* Release */ = {
			isa = XCBuildConfiguration;
			buildSettings = {
				ALWAYS_SEARCH_USER_PATHS = NO;
				CLANG_ANALYZER_NONNULL = YES;
				CLANG_ANALYZER_NUMBER_OBJECT_CONVERSION = YES_AGGRESSIVE;
				CLANG_CXX_LANGUAGE_STANDARD = "gnu++20";
				CLANG_ENABLE_MODULES = YES;
				CLANG_ENABLE_OBJC_ARC = YES;
				CLANG_ENABLE_OBJC_WEAK = YES;
				CLANG_WARN_BLOCK_CAPTURE_AUTORELEASING = YES;
				CLANG_WARN_BOOL_CONVERSION = YES;
				CLANG_WARN_COMMA = YES;
				CLANG_WARN_CONSTANT_CONVERSION = YES;
				CLANG_WARN_DEPRECATED_OBJC_IMPLEMENTATIONS = YES;
				CLANG_WARN_DIRECT_OBJC_ISA_USAGE = YES_ERROR;
				CLANG_WARN_DOCUMENTATION_COMMENTS = YES;
				CLANG_WARN_EMPTY_BODY = YES;
				CLANG_WARN_ENUM_CONVERSION = YES;
				CLANG_WARN_INFINITE_RECURSION = YES;
				CLANG_WARN_INT_CONVERSION = YES;
				CLANG_WARN_NON_LITERAL_NULL_CONVERSION = YES;
				CLANG_WARN_OBJC_IMPLICIT_RETAIN_SELF = YES;
				CLANG_WARN_OBJC_LITERAL_CONVERSION = YES;
				CLANG_WARN_OBJC_ROOT_CLASS = YES_ERROR;
				CLANG_WARN_QUOTED_INCLUDE_IN_FRAMEWORK_HEADER = YES;
				CLANG_WARN_RANGE_LOOP_ANALYSIS = YES;
				CLANG_WARN_STRICT_PROTOTYPES = YES;
				CLANG_WARN_SUSPICIOUS_MOVE = YES;
				CLANG_WARN_UNGUARDED_AVAILABILITY = YES_AGGRESSIVE;
				CLANG_WARN_UNREACHABLE_CODE = YES;
				CLANG_WARN__DUPLICATE_METHOD_MATCH = YES;
				COPY_PHASE_STRIP = NO;
				DEBUG_INFORMATION_FORMAT = "dwarf-with-dsym";
				ENABLE_NS_ASSERTIONS = NO;
				ENABLE_STRICT_OBJC_MSGSEND = YES;
				GCC_C_LANGUAGE_STANDARD = gnu11;
				GCC_NO_COMMON_BLOCKS = YES;
				GCC_WARN_64_TO_32_BIT_CONVERSION = YES;
				GCC_WARN_ABOUT_RETURN_TYPE = YES_ERROR;
				GCC_WARN_UNDECLARED_SELECTOR = YES;
				GCC_WARN_UNINITIALIZED_AUTOS = YES_AGGRESSIVE;
				GCC_WARN_UNUSED_FUNCTION = YES;
				GCC_WARN_UNUSED_VARIABLE = YES;
				IPHONEOS_DEPLOYMENT_TARGET = 16.0;
				MTL_ENABLE_DEBUG_INFO = NO;
				MTL_FAST_MATH = YES;
				SDKROOT = iphoneos;
				SWIFT_COMPILATION_MODE = wholemodule;
				SWIFT_OPTIMIZATION_LEVEL = "-O";
				VALIDATE_PRODUCT = YES;
			};
			name = Release;
		};
		A57AB7ED28FF4F7A00B03B5D /* Debug */ = {
			isa = XCBuildConfiguration;
			buildSettings = {
				ASSETCATALOG_COMPILER_APPICON_NAME = AppIcon;
				ASSETCATALOG_COMPILER_GLOBAL_ACCENT_COLOR_NAME = AccentColor;
				CODE_SIGN_STYLE = Automatic;
				CURRENT_PROJECT_VERSION = 1;
				DEVELOPMENT_TEAM = 2CL7ZP4VY7;
				GENERATE_INFOPLIST_FILE = YES;
				INFOPLIST_FILE = testingGithub/Info.plist;
				INFOPLIST_KEY_UIApplicationSupportsIndirectInputEvents = YES;
				INFOPLIST_KEY_UILaunchStoryboardName = LaunchScreen;
				INFOPLIST_KEY_UIMainStoryboardFile = Main;
				INFOPLIST_KEY_UISupportedInterfaceOrientations_iPad = "UIInterfaceOrientationPortrait UIInterfaceOrientationPortraitUpsideDown UIInterfaceOrientationLandscapeLeft UIInterfaceOrientationLandscapeRight";
				INFOPLIST_KEY_UISupportedInterfaceOrientations_iPhone = "UIInterfaceOrientationPortrait UIInterfaceOrientationLandscapeLeft UIInterfaceOrientationLandscapeRight";
				LD_RUNPATH_SEARCH_PATHS = (
					"$(inherited)",
					"@executable_path/Frameworks",
				);
				MARKETING_VERSION = 1.0;
				PRODUCT_BUNDLE_IDENTIFIER = CS329E.testingGithub;
				PRODUCT_NAME = "$(TARGET_NAME)";
				SWIFT_EMIT_LOC_STRINGS = YES;
				SWIFT_VERSION = 5.0;
				TARGETED_DEVICE_FAMILY = "1,2";
			};
			name = Debug;
		};
		A57AB7EE28FF4F7A00B03B5D /* Release */ = {
			isa = XCBuildConfiguration;
			buildSettings = {
				ASSETCATALOG_COMPILER_APPICON_NAME = AppIcon;
				ASSETCATALOG_COMPILER_GLOBAL_ACCENT_COLOR_NAME = AccentColor;
				CODE_SIGN_STYLE = Automatic;
				CURRENT_PROJECT_VERSION = 1;
				DEVELOPMENT_TEAM = 2CL7ZP4VY7;
				GENERATE_INFOPLIST_FILE = YES;
				INFOPLIST_FILE = testingGithub/Info.plist;
				INFOPLIST_KEY_UIApplicationSupportsIndirectInputEvents = YES;
				INFOPLIST_KEY_UILaunchStoryboardName = LaunchScreen;
				INFOPLIST_KEY_UIMainStoryboardFile = Main;
				INFOPLIST_KEY_UISupportedInterfaceOrientations_iPad = "UIInterfaceOrientationPortrait UIInterfaceOrientationPortraitUpsideDown UIInterfaceOrientationLandscapeLeft UIInterfaceOrientationLandscapeRight";
				INFOPLIST_KEY_UISupportedInterfaceOrientations_iPhone = "UIInterfaceOrientationPortrait UIInterfaceOrientationLandscapeLeft UIInterfaceOrientationLandscapeRight";
				LD_RUNPATH_SEARCH_PATHS = (
					"$(inherited)",
					"@executable_path/Frameworks",
				);
				MARKETING_VERSION = 1.0;
				PRODUCT_BUNDLE_IDENTIFIER = CS329E.testingGithub;
				PRODUCT_NAME = "$(TARGET_NAME)";
				SWIFT_EMIT_LOC_STRINGS = YES;
				SWIFT_VERSION = 5.0;
				TARGETED_DEVICE_FAMILY = "1,2";
			};
			name = Release;
		};
/* End XCBuildConfiguration section */

/* Begin XCConfigurationList section */
		A57AB7D028FF4F7900B03B5D /* Build configuration list for PBXProject "testingGithub" */ = {
			isa = XCConfigurationList;
			buildConfigurations = (
				A57AB7EA28FF4F7A00B03B5D /* Debug */,
				A57AB7EB28FF4F7A00B03B5D /* Release */,
			);
			defaultConfigurationIsVisible = 0;
			defaultConfigurationName = Release;
		};
		A57AB7EC28FF4F7A00B03B5D /* Build configuration list for PBXNativeTarget "testingGithub" */ = {
			isa = XCConfigurationList;
			buildConfigurations = (
				A57AB7ED28FF4F7A00B03B5D /* Debug */,
				A57AB7EE28FF4F7A00B03B5D /* Release */,
			);
			defaultConfigurationIsVisible = 0;
			defaultConfigurationName = Release;
		};
/* End XCConfigurationList section */

/* Begin XCVersionGroup section */
		A57AB7E128FF4F7900B03B5D /* testingGithub.xcdatamodeld */ = {
			isa = XCVersionGroup;
			children = (
				A57AB7E228FF4F7900B03B5D /* testingGithub.xcdatamodel */,
			);
			currentVersion = A57AB7E228FF4F7900B03B5D /* testingGithub.xcdatamodel */;
			path = testingGithub.xcdatamodeld;
			sourceTree = "<group>";
			versionGroupType = wrapper.xcdatamodel;
		};
/* End XCVersionGroup section */
	};
	rootObject = A57AB7CD28FF4F7900B03B5D /* Project object */;
}
